
Microsoft Visual Studio Solution File, Format Version 12.00
# Visual Studio Version 16
VisualStudioVersion = 16.0.31624.102
MinimumVisualStudioVersion = 10.0.40219.1
Project("{FAE04EC0-301F-11D3-BF4B-00C04F79EFBC}") = "Shapes", "Shapes\Shapes.csproj", "{890E7639-B942-45C5-81E6-FF6DBADD79E1}"
EndProject
Global
	GlobalSection(SolutionConfigurationPlatforms) = preSolution
		Debug|Any CPU = Debug|Any CPU
		Release|Any CPU = Release|Any CPU
	EndGlobalSection
	GlobalSection(ProjectConfigurationPlatforms) = postSolution
		{890E7639-B942-45C5-81E6-FF6DBADD79E1}.Debug|Any CPU.ActiveCfg = Debug|Any CPU
		{890E7639-B942-45C5-81E6-FF6DBADD79E1}.Debug|Any CPU.Build.0 = Debug|Any CPU
		{890E7639-B942-45C5-81E6-FF6DBADD79E1}.Release|Any CPU.ActiveCfg = Release|Any CPU
		{890E7639-B942-45C5-81E6-FF6DBADD79E1}.Release|Any CPU.Build.0 = Release|Any CPU
	EndGlobalSection
	GlobalSection(SolutionProperties) = preSolution
		HideSolutionNode = FALSE
	EndGlobalSection
	GlobalSection(ExtensibilityGlobals) = postSolution
		SolutionGuid = {65B601AD-72C3-4F98-8A50-20147A4DB1A2}
	EndGlobalSection
EndGlobal
